<?xml version="1.0" encoding="utf-8"?>
<Project ToolsVersion="4.0" xmlns="http://schemas.microsoft.com/developer/msbuild/2003">
  <ItemGroup>
    <Filter Include="Source Files">
      <UniqueIdentifier>{4FC737F1-C7A5-4376-A066-2A32D752A2FF}</UniqueIdentifier>
      <Extensions>cpp;c;cc;cxx;def;odl;idl;hpj;bat;asm;asmx</Extensions>
    </Filter>
    <Filter Include="Header Files">
      <UniqueIdentifier>{93995380-89BD-4b04-88EB-625FBE52EBFB}</UniqueIdentifier>
      <Extensions>h;hh;hpp;hxx;hm;inl;inc;ipp;xsd</Extensions>
    </Filter>
    <Filter Include="Resource Files">
      <UniqueIdentifier>{67DA6AB6-F800-4c08-8B7A-83BB121AAD01}</UniqueIdentifier>
      <Extensions>rc;ico;cur;bmp;dlg;rc2;rct;bin;rgs;gif;jpg;jpeg;jpe;resx;tiff;tif;png;wav;mfcribbon-ms</Extensions>
    </Filter>
    <Filter Include="Dependencies">
      <UniqueIdentifier>{e6373c29-59a7-49b4-8774-2d4676191624}</UniqueIdentifier>
    </Filter>
    <Filter Include="Utils">
      <UniqueIdentifier>{bec50b6b-b4b6-40c3-961a-54823a221918}</UniqueIdentifier>
    </Filter>
    <Filter Include="Model">
      <UniqueIdentifier>{7baf4d15-d8b8-40c8-90fa-78f36b0ca0b9}</UniqueIdentifier>
    </Filter>
    <Filter Include="Model\Include">
      <UniqueIdentifier>{663baef8-41de-409a-b2a4-dbb8b461a14f}</UniqueIdentifier>
    </Filter>
    <Filter Include="Old">
      <UniqueIdentifier>{7d004a8a-37d1-4320-a776-d577268fd9c8}</UniqueIdentifier>
    </Filter>
  </ItemGroup>
  <ItemGroup>
    <ClCompile Include="main.cpp">
      <Filter>Source Files</Filter>
    </ClCompile>
    <ClCompile Include="Dispatcher.cpp">
      <Filter>Source Files</Filter>
    </ClCompile>
    <ClCompile Include="Scenario.cpp">
      <Filter>Source Files</Filter>
    </ClCompile>
    <ClCompile Include="dependencies\json11.cpp">
      <Filter>Dependencies</Filter>
    </ClCompile>
    <ClCompile Include="Parser.cpp">
      <Filter>Source Files</Filter>
    </ClCompile>
    <ClCompile Include="Cluster.cpp">
      <Filter>Model</Filter>
    </ClCompile>
    <ClCompile Include="Host.cpp">
      <Filter>Model</Filter>
    </ClCompile>
    <ClCompile Include="Job.cpp">
      <Filter>Model</Filter>
    </ClCompile>
    <ClCompile Include="Queue.cpp">
      <Filter>Model</Filter>
    </ClCompile>
    <ClCompile Include="Policy.cpp">
      <Filter>Source Files</Filter>
    </ClCompile>
    <ClCompile Include="Cluster_Simulation.cpp">
      <Filter>Source Files</Filter>
    </ClCompile>
    <ClCompile Include="Utils.cpp">
      <Filter>Old</Filter>
    </ClCompile>
    <ClCompile Include="dependencies\spdlog.cpp">
      <Filter>Dependencies</Filter>
    </ClCompile>
    <ClCompile Include="Old\Logger.cpp">
      <Filter>Source Files</Filter>
    </ClCompile>
    <ClCompile Include="Old\NodeSpec.cpp">
      <Filter>Source Files</Filter>
    </ClCompile>
    <ClCompile Include="Old\SchedulerAlgorithm.cpp">
      <Filter>Source Files</Filter>
    </ClCompile>
    <ClCompile Include="Old\Task.cpp">
      <Filter>Source Files</Filter>
    </ClCompile>
    <ClCompile Include="Old\TaskPool.cpp">
      <Filter>Source Files</Filter>
    </ClCompile>
    <ClCompile Include="Old\VirtualQueue.cpp">
      <Filter>Source Files</Filter>
    </ClCompile>
    <ClCompile Include="Old\Scheduler.cpp">
      <Filter>Source Files</Filter>
    </ClCompile>
    <ClCompile Include="Old\Simulation.cpp">
      <Filter>Source Files</Filter>
    </ClCompile>
  </ItemGroup>
  <ItemGroup>
    <ClInclude Include="json.hpp">
      <Filter>Dependencies</Filter>
    </ClInclude>
    <ClInclude Include="dependencies\json11.hpp">
      <Filter>Dependencies</Filter>
    </ClInclude>
    <ClInclude Include="EnumConverter.cpp">
      <Filter>Utils</Filter>
    </ClInclude>
    <ClInclude Include="EnumConverter.h">
      <Filter>Utils</Filter>
    </ClInclude>
    <ClInclude Include="Host.h">
      <Filter>Model\Include</Filter>
    </ClInclude>
    <ClInclude Include="Cluster.h">
      <Filter>Model\Include</Filter>
    </ClInclude>
    <ClInclude Include="Job.h">
      <Filter>Model\Include</Filter>
    </ClInclude>
    <ClInclude Include="Queue.h">
      <Filter>Model\Include</Filter>
    </ClInclude>
    <ClInclude Include="Utils.h">
      <Filter>Old</Filter>
    </ClInclude>
    <ClInclude Include="Cluster_Simulation.h">
      <Filter>Header Files</Filter>
    </ClInclude>
    <ClInclude Include="Parser.h">
      <Filter>Header Files</Filter>
    </ClInclude>
    <ClInclude Include="Policy.h">
      <Filter>Header Files</Filter>
    </ClInclude>
    <ClInclude Include="Scenario.h">
      <Filter>Header Files</Filter>
    </ClInclude>
    <ClInclude Include="Old\Logger.h">
      <Filter>Header Files</Filter>
    </ClInclude>
    <ClInclude Include="Old\MCTAlgorithm.h">
      <Filter>Header Files</Filter>
    </ClInclude>
    <ClInclude Include="Old\NodeSpec.h">
      <Filter>Header Files</Filter>
    </ClInclude>
    <ClInclude Include="Old\RandomAlgorithm.h">
      <Filter>Header Files</Filter>
    </ClInclude>
    <ClInclude Include="Old\SchedulerAlgorithm.h">
      <Filter>Header Files</Filter>
    </ClInclude>
    <ClInclude Include="Old\State.h">
      <Filter>Header Files</Filter>
    </ClInclude>
    <ClInclude Include="Old\States.h">
      <Filter>Header Files</Filter>
    </ClInclude>
    <ClInclude Include="Old\Task.h">
      <Filter>Header Files</Filter>
    </ClInclude>
    <ClInclude Include="Old\TaskPool.h">
      <Filter>Header Files</Filter>
    </ClInclude>
    <ClInclude Include="Old\VirtualQueue.h">
      <Filter>Header Files</Filter>
    </ClInclude>
    <ClInclude Include="Old\Scheduler.h">
      <Filter>Header Files</Filter>
    </ClInclude>
    <ClInclude Include="Old\Simulation.h">
      <Filter>Header Files</Filter>
    </ClInclude>
  </ItemGroup>
  <ItemGroup>
    <Text Include="Old\logs.txt" />
  </ItemGroup>
</Project>